{
  "originHash" : "0db351194242c55d1647132cde67f92244bdfb0f30f99916a91c9464f714a06e",
  "pins" : [
    {
      "identity" : "corepersistence",
      "kind" : "remoteSourceControl",
      "location" : "https://github.com/vmanot/CorePersistence.git",
      "state" : {
        "branch" : "main",
        "revision" : "e5026e82410d4140aa5468fe98069e4f5c4fa5cf"
      }
    },
    {
      "identity" : "merge",
      "kind" : "remoteSourceControl",
      "location" : "https://github.com/vmanot/Merge.git",
      "state" : {
        "branch" : "master",
        "revision" : "2a47b62831164bea212a1616cfe3d4da32902f7f"
      }
    },
    {
      "identity" : "networkkit",
      "kind" : "remoteSourceControl",
      "location" : "https://github.com/vmanot/NetworkKit.git",
      "state" : {
        "branch" : "master",
        "revision" : "8daa1ba22e5d18e1b8e469d5a0dd0c58b675eb87"
      }
    },
    {
      "identity" : "swallow",
      "kind" : "remoteSourceControl",
      "location" : "https://github.com/vmanot/Swallow.git",
      "state" : {
        "branch" : "master",
        "revision" : "f91811c49863ed506da4f3aed21f6c216a258ca0"
      }
    },
    {
      "identity" : "swift-collections",
      "kind" : "remoteSourceControl",
      "location" : "https://github.com/apple/swift-collections",
      "state" : {
        "revision" : "671108c96644956dddcd89dd59c203dcdb36cec7",
        "version" : "1.1.4"
      }
    },
    {
      "identity" : "swift-syntax",
      "kind" : "remoteSourceControl",
      "location" : "https://github.com/apple/swift-syntax.git",
      "state" : {
        "revision" : "0687f71944021d616d34d922343dcef086855920",
        "version" : "600.0.1"
      }
    },
    {
      "identity" : "swiftapi",
      "kind" : "remoteSourceControl",
      "location" : "https://github.com/vmanot/SwiftAPI.git",
      "state" : {
        "branch" : "master",
        "revision" : "3e47cc5f9b0cefe9ed1d0971aff22583bd9ac7b0"
      }
    },
    {
      "identity" : "swiftuix",
      "kind" : "remoteSourceControl",
      "location" : "https://github.com/SwiftUIX/SwiftUIX.git",
      "state" : {
        "branch" : "master",
        "revision" : "275be4fd06b570b71fe1eb47b4246f4c4285b177"
      }
    }
  ],
  "version" : 3
}
